// !$*UTF8*$!
{
	archiveVersion = 1;
	classes = {
	};
	objectVersion = 46;
	objects = {

/* Begin PBXBuildFile section */
		02B9AB9996C7419B89BD878E /* logo.png in Resources */ = {isa = PBXBuildFile; fileRef = 6B3953DA22B84022AB00F9A1 /* logo.png */; };
		035A1AE7BA11404782DF4721 /* verified.png in Resources */ = {isa = PBXBuildFile; fileRef = B04030E619BE4307AA71BF52 /* verified.png */; };
		05E1A4F6944B40C5949B60CA /* woozeee-marketplace.jpg in Resources */ = {isa = PBXBuildFile; fileRef = A589F1A432874B9A98469E96 /* woozeee-marketplace.jpg */; };
		0E60E38EEEC84C8496791D9B /* verified-2.png in Resources */ = {isa = PBXBuildFile; fileRef = 119F66F00A2E4670898539EC /* verified-2.png */; };
		13B07FBC1A68108700A75B9A /* AppDelegate.m in Sources */ = {isa = PBXBuildFile; fileRef = 13B07FB01A68108700A75B9A /* AppDelegate.m */; };
		13B07FBD1A68108700A75B9A /* LaunchScreen.xib in Resources */ = {isa = PBXBuildFile; fileRef = 13B07FB11A68108700A75B9A /* LaunchScreen.xib */; };
		13B07FBF1A68108700A75B9A /* Images.xcassets in Resources */ = {isa = PBXBuildFile; fileRef = 13B07FB51A68108700A75B9A /* Images.xcassets */; };
		13B07FC11A68108700A75B9A /* main.m in Sources */ = {isa = PBXBuildFile; fileRef = 13B07FB71A68108700A75B9A /* main.m */; };
		170EA6A5B5CA4E8F817FF2F9 /* supercup-outline.png in Resources */ = {isa = PBXBuildFile; fileRef = 00ADF19A8B9549EEA00761CA /* supercup-outline.png */; };
		20F4A39EE4504AA98418EE08 /* user.png in Resources */ = {isa = PBXBuildFile; fileRef = 04569F60BC5F4EBB994EF3B3 /* user.png */; };
		22AA69E259B2407FBC9883B5 /* montserrat-semibold.ttf in Resources */ = {isa = PBXBuildFile; fileRef = 68F8BA2D7D664DA2A8FEB113 /* montserrat-semibold.ttf */; };
		2A47A8D99A1F46398E561288 /* user3.png in Resources */ = {isa = PBXBuildFile; fileRef = DF9EE288D1FC4D8EB0C2AB10 /* user3.png */; };
		30D7999B47E044E2B48A9E9D /* home-outline.png in Resources */ = {isa = PBXBuildFile; fileRef = A7D2C625F33E40CD9F06E62F /* home-outline.png */; };
		3E461D99554A48A4959DE609 /* SplashScreen.storyboard in Resources */ = {isa = PBXBuildFile; fileRef = AA286B85B6C04FC6940260E9 /* SplashScreen.storyboard */; };
		4085E9B77BF342CDA9DBA361 /* user2.png in Resources */ = {isa = PBXBuildFile; fileRef = 8926A6AAC7BF44C6B8440410 /* user2.png */; };
		4F1B3576F0B54B4AA97305C0 /* verified-1.png in Resources */ = {isa = PBXBuildFile; fileRef = 88A631CE73E9482F9CEB3EEF /* verified-1.png */; };
		54A4DC78A0A54E55B9B88597 /* list.png in Resources */ = {isa = PBXBuildFile; fileRef = AB0F8A2C99AF4F479A4E1D15 /* list.png */; };
		553EA2C5325C40D292EB3F9B /* icon.png in Resources */ = {isa = PBXBuildFile; fileRef = 4028759BAE2B4D74A4A5FD0C /* icon.png */; };
		57318C16ECF4450CB1163EF4 /* onboarding-video-thumb.jpg in Resources */ = {isa = PBXBuildFile; fileRef = 302D1D3760D94A83BAE1AB7E /* onboarding-video-thumb.jpg */; };
		60AD1B55767B407584E01285 /* user1.png in Resources */ = {isa = PBXBuildFile; fileRef = 0C3EFE14BFF7406C9A6F108F /* user1.png */; };
		69F21F91BF03490B9F8ECECC /* flag-ng.png in Resources */ = {isa = PBXBuildFile; fileRef = 5801CDAA1E9F4A8ABF440B57 /* flag-ng.png */; };
		6A36B84FF83A4DF09CD38294 /* home.png in Resources */ = {isa = PBXBuildFile; fileRef = 3FD55745B1CB442DAA597539 /* home.png */; };
		6C28E7FAF1674789B3A6408E /* wooz.png in Resources */ = {isa = PBXBuildFile; fileRef = C093E780548744A4A4B6EBC3 /* wooz.png */; };
		6E29EF7E3BF24B939FDA296E /* list-outline.png in Resources */ = {isa = PBXBuildFile; fileRef = 7CE69EF1ED304242901955C8 /* list-outline.png */; };
		6F85F9107D334AC5BB47090B /* clock.png in Resources */ = {isa = PBXBuildFile; fileRef = 61E76FDF59C343C58549C77B /* clock.png */; };
		7919EA0D80994024BF18975A /* montserrat-regular.ttf in Resources */ = {isa = PBXBuildFile; fileRef = 473BE264CF7C4145A82E0CB9 /* montserrat-regular.ttf */; };
		7A06F0C4871F407BA01B1569 /* woozeee-socials.jpg in Resources */ = {isa = PBXBuildFile; fileRef = 5871BC7B138F4A5B9B06420F /* woozeee-socials.jpg */; };
		7F9CD86581D5429DA567835A /* social-outline.png in Resources */ = {isa = PBXBuildFile; fileRef = 040D91DB33BD4CC09770540C /* social-outline.png */; };
		8E4A70F6711647FAB6C88C0C /* favicon.png in Resources */ = {isa = PBXBuildFile; fileRef = 94A42DBD1D3744C8A6A78ED5 /* favicon.png */; };
		9470697CB26240F3919FC178 /* placeholder-image.png in Resources */ = {isa = PBXBuildFile; fileRef = 3B05395DC18148DAA8C7C119 /* placeholder-image.png */; };
		94EEF546FEF14891AF602CD5 /* wooz-outline.png in Resources */ = {isa = PBXBuildFile; fileRef = 7AB5A951DE444F3A80940001 /* wooz-outline.png */; };
		95BD105DCEE14689A3A94494 /* montserrat-light.ttf in Resources */ = {isa = PBXBuildFile; fileRef = FEAB29FDF95A4DC4A7A696FB /* montserrat-light.ttf */; };
		96905EF65AED1B983A6B3ABC /* libPods-woozeee.a in Frameworks */ = {isa = PBXBuildFile; fileRef = 58EEBF8E8E6FB1BC6CAF49B5 /* libPods-woozeee.a */; };
		9FD794FAC95A46D1A00E489E /* user-outline.png in Resources */ = {isa = PBXBuildFile; fileRef = F1C2D6EA2A2C47D4A162EF97 /* user-outline.png */; };
		A88C723CB9864DA28BB917FB /* flag-round-ng.png in Resources */ = {isa = PBXBuildFile; fileRef = 09E7315CBDCB41AFBC86725F /* flag-round-ng.png */; };
		AB17F3AB53254FB0A389808C /* upload.png in Resources */ = {isa = PBXBuildFile; fileRef = 9A75B0C53DFF4087821C1CAE /* upload.png */; };
		BB2F792D24A3F905000567C9 /* Expo.plist in Resources */ = {isa = PBXBuildFile; fileRef = BB2F792C24A3F905000567C9 /* Expo.plist */; };
		BF1C6A420F4C4CD1824990E5 /* supercup.png in Resources */ = {isa = PBXBuildFile; fileRef = 759CF6437F48443FAB52BDA0 /* supercup.png */; };
		C31D16D125FA54C6001E92CD /* wallet.jpg in Resources */ = {isa = PBXBuildFile; fileRef = C31D16D025FA54C6001E92CD /* wallet.jpg */; };
		C31D16D525FA54CE001E92CD /* rewards.jpg in Resources */ = {isa = PBXBuildFile; fileRef = C31D16D325FA54CE001E92CD /* rewards.jpg */; };
		C31D16D625FA54CE001E92CD /* insure.jpg in Resources */ = {isa = PBXBuildFile; fileRef = C31D16D425FA54CE001E92CD /* insure.jpg */; };
		C6484A0F6917419FB1280FD1 /* back3.jpg in Resources */ = {isa = PBXBuildFile; fileRef = ABE7883A9A38497DADB999D0 /* back3.jpg */; };
		C6D5CCCFA1E24381909994CE /* wallet.png in Resources */ = {isa = PBXBuildFile; fileRef = 7412B4CCE3764F30999194C9 /* wallet.png */; };
		C8C4B2D3C8394C42BC74EFFB /* clock-outline.png in Resources */ = {isa = PBXBuildFile; fileRef = A3D7654A362341219758181F /* clock-outline.png */; };
		CDB6DD0085374FB6BB470C4B /* montserrat-medium.ttf in Resources */ = {isa = PBXBuildFile; fileRef = CF5DCFEA166F4285B596FF62 /* montserrat-medium.ttf */; };
		D2B7C7E681DF4FADB08B62BA /* back2.jpg in Resources */ = {isa = PBXBuildFile; fileRef = 7AE99079783C470690E79863 /* back2.jpg */; };
		DD361A38189F4EFD84663578 /* wallet-outline.png in Resources */ = {isa = PBXBuildFile; fileRef = 37181E2BBFA24EFF9933DD5F /* wallet-outline.png */; };
		E4A9813D2DEF4F1688A885C6 /* social.png in Resources */ = {isa = PBXBuildFile; fileRef = ACA04AB460C3438DB80972C6 /* social.png */; };
		EC33BC23DABF4ED3A9522681 /* splash.png in Resources */ = {isa = PBXBuildFile; fileRef = 3422A46E6F0446DA860B26AC /* splash.png */; };
		F0AFE7A72C1B44F99BC89847 /* fontello.ttf in Resources */ = {isa = PBXBuildFile; fileRef = 5CBC8D4F5C7145CB8E5775A6 /* fontello.ttf */; };
		F8090E7B27E44B318610448B /* back1.jpg in Resources */ = {isa = PBXBuildFile; fileRef = 1AB20E6A47964239BADE07EA /* back1.jpg */; };
		F82DF7F102B246DC83A93C2E /* woozeee-charity.jpg in Resources */ = {isa = PBXBuildFile; fileRef = 238AC8FED8794EC5984C245B /* woozeee-charity.jpg */; };
		EB28D9E7F9654916A5E0A6EC /* mega-sale.jpg in Resources */ = {isa = PBXBuildFile; fileRef = A79A6324FC594163BD53C2AD /* mega-sale.jpg */; };
		E1814A4AE4FF42F896FE43BA /* valentine.jpg in Resources */ = {isa = PBXBuildFile; fileRef = D306F06486494C729C9D45F0 /* valentine.jpg */; };
		A6ECC437EA2D461DB0F46716 /* woozeee-ad.jpg in Resources */ = {isa = PBXBuildFile; fileRef = B299987EE3684387852470D9 /* woozeee-ad.jpg */; };
		664703421C8345F8971291EF /* atm-filled.png in Resources */ = {isa = PBXBuildFile; fileRef = 84EE0EC837FC4DE8B81784D8 /* atm-filled.png */; };
		C31D918B8B4D449092C59F1E /* bag-filled.png in Resources */ = {isa = PBXBuildFile; fileRef = 628EF450AA0142BFAE0E44CE /* bag-filled.png */; };
		60BAC8776E36487C998C2665 /* balance-filled.png in Resources */ = {isa = PBXBuildFile; fileRef = 5D8BAC406D8747619C1AD856 /* balance-filled.png */; };
		8B550257460446238CAAD3DB /* ball-filled.png in Resources */ = {isa = PBXBuildFile; fileRef = AF808F760CD3450E96584C0A /* ball-filled.png */; };
		3ACE943B7DEE40FCA5B1F25E /* bank-filled.png in Resources */ = {isa = PBXBuildFile; fileRef = 17BD668FE330478FA2C966C0 /* bank-filled.png */; };
		14325AC9E793483E97506A54 /* cart-outline.png in Resources */ = {isa = PBXBuildFile; fileRef = F350E31882D84776B67DF691 /* cart-outline.png */; };
		453881273A344ED9A4107CB9 /* chat-outline.png in Resources */ = {isa = PBXBuildFile; fileRef = 7F69C2959C354910973746F2 /* chat-outline.png */; };
		B44F46DE75204C17B9746BD5 /* doctor-filled.png in Resources */ = {isa = PBXBuildFile; fileRef = 0A6D30F572E94ABDB2EA4968 /* doctor-filled.png */; };
		3123C43DE748491DB1D2DA1F /* eye-outline.png in Resources */ = {isa = PBXBuildFile; fileRef = 61420B91FE4C47E18D4199BE /* eye-outline.png */; };
		772C23440FC743B99FB19027 /* grid-outline.png in Resources */ = {isa = PBXBuildFile; fileRef = A9F022E6F3754D719C972CE6 /* grid-outline.png */; };
		0B8D5D1A0AC34C6498A816D2 /* heart-outline.png in Resources */ = {isa = PBXBuildFile; fileRef = 63DFCF0D792849578BB66C4B /* heart-outline.png */; };
		DD6320DA0B1345768B1D2869 /* heart.png in Resources */ = {isa = PBXBuildFile; fileRef = B6F49223F87F4B98B52DBE54 /* heart.png */; };
		151362EAD4B043B5A78E00EA /* map-filled.png in Resources */ = {isa = PBXBuildFile; fileRef = FC29B5BA44044D508CA1AA72 /* map-filled.png */; };
		41436113B0BC467885BB09E0 /* market-outline.png in Resources */ = {isa = PBXBuildFile; fileRef = 50116FFA8ED7483C9E5E4E72 /* market-outline.png */; };
		15AAD79ED67B41C8A59D1D84 /* movie-outline.png in Resources */ = {isa = PBXBuildFile; fileRef = 54DD9714B3064958B4AA9340 /* movie-outline.png */; };
		D66DFAC7015340EE8A8C8406 /* notification-new-outline.png in Resources */ = {isa = PBXBuildFile; fileRef = 38A823F5DF6E4A05AFC8DB98 /* notification-new-outline.png */; };
		8FBE71FBD37343D1ADA9376A /* reorder-left-outline.png in Resources */ = {isa = PBXBuildFile; fileRef = AE403C3242A44A8F9E649219 /* reorder-left-outline.png */; };
		9A08C8805D2E4983834B574F /* search-outline.png in Resources */ = {isa = PBXBuildFile; fileRef = 49CDEBA8F9384049B60C48E7 /* search-outline.png */; };
		00F0A6C7039D45E49582E33D /* share-outline.png in Resources */ = {isa = PBXBuildFile; fileRef = 2B879782242B4DD6B1CB4E10 /* share-outline.png */; };
		5EEDF25FD5C84BA3BFAF2476 /* tag-filled.png in Resources */ = {isa = PBXBuildFile; fileRef = EE2C04C1BF1F48979C57D09F /* tag-filled.png */; };
		301A8FB7F0C942439FBBE8CE /* user-2-outline.png in Resources */ = {isa = PBXBuildFile; fileRef = 653D8AC88A964A608D7B0061 /* user-2-outline.png */; };
		1763A7D2CF8A4BCFB00DD63D /* video-outline.png in Resources */ = {isa = PBXBuildFile; fileRef = A29551CC493A404B8AC1AE2F /* video-outline.png */; };
		F5E224A040354AD1852650B7 /* heart-filled.png in Resources */ = {isa = PBXBuildFile; fileRef = 6D01688DCC714288B7DFE4E1 /* heart-filled.png */; };
/* End PBXBuildFile section */

/* Begin PBXFileReference section */
		008F07F21AC5B25A0029DE68 /* main.jsbundle */ = {isa = PBXFileReference; fileEncoding = 4; lastKnownFileType = text; path = main.jsbundle; sourceTree = "<group>"; };
		00ADF19A8B9549EEA00761CA /* supercup-outline.png */ = {isa = PBXFileReference; explicitFileType = undefined; fileEncoding = 9; includeInIndex = 0; lastKnownFileType = unknown; name = "supercup-outline.png"; path = "../src/assets/images/icon/supercup-outline.png"; sourceTree = "<group>"; };
		040D91DB33BD4CC09770540C /* social-outline.png */ = {isa = PBXFileReference; explicitFileType = undefined; fileEncoding = 9; includeInIndex = 0; lastKnownFileType = unknown; name = "social-outline.png"; path = "../src/assets/images/icon/social-outline.png"; sourceTree = "<group>"; };
		04569F60BC5F4EBB994EF3B3 /* user.png */ = {isa = PBXFileReference; explicitFileType = undefined; fileEncoding = 9; includeInIndex = 0; lastKnownFileType = unknown; name = user.png; path = ../src/assets/images/icon/user.png; sourceTree = "<group>"; };
		09E7315CBDCB41AFBC86725F /* flag-round-ng.png */ = {isa = PBXFileReference; explicitFileType = undefined; fileEncoding = 9; includeInIndex = 0; lastKnownFileType = unknown; name = "flag-round-ng.png"; path = "../src/assets/images/icon/flag-round-ng.png"; sourceTree = "<group>"; };
		0C3EFE14BFF7406C9A6F108F /* user1.png */ = {isa = PBXFileReference; explicitFileType = undefined; fileEncoding = 9; includeInIndex = 0; lastKnownFileType = unknown; name = user1.png; path = ../src/assets/images/user/user1.png; sourceTree = "<group>"; };
		119F66F00A2E4670898539EC /* verified-2.png */ = {isa = PBXFileReference; explicitFileType = undefined; fileEncoding = 9; includeInIndex = 0; lastKnownFileType = unknown; name = "verified-2.png"; path = "../src/assets/images/icon/verified-2.png"; sourceTree = "<group>"; };
		13B07F961A680F5B00A75B9A /* woozeee.app */ = {isa = PBXFileReference; explicitFileType = wrapper.application; includeInIndex = 0; path = woozeee.app; sourceTree = BUILT_PRODUCTS_DIR; };
		13B07FAF1A68108700A75B9A /* AppDelegate.h */ = {isa = PBXFileReference; fileEncoding = 4; lastKnownFileType = sourcecode.c.h; name = AppDelegate.h; path = woozeee/AppDelegate.h; sourceTree = "<group>"; };
		13B07FB01A68108700A75B9A /* AppDelegate.m */ = {isa = PBXFileReference; fileEncoding = 4; lastKnownFileType = sourcecode.c.objc; name = AppDelegate.m; path = woozeee/AppDelegate.m; sourceTree = "<group>"; };
		13B07FB21A68108700A75B9A /* Base */ = {isa = PBXFileReference; lastKnownFileType = file.xib; name = Base; path = Base.lproj/LaunchScreen.xib; sourceTree = "<group>"; };
		13B07FB51A68108700A75B9A /* Images.xcassets */ = {isa = PBXFileReference; lastKnownFileType = folder.assetcatalog; name = Images.xcassets; path = woozeee/Images.xcassets; sourceTree = "<group>"; };
		13B07FB61A68108700A75B9A /* Info.plist */ = {isa = PBXFileReference; fileEncoding = 4; lastKnownFileType = text.plist.xml; name = Info.plist; path = woozeee/Info.plist; sourceTree = "<group>"; };
		13B07FB71A68108700A75B9A /* main.m */ = {isa = PBXFileReference; fileEncoding = 4; lastKnownFileType = sourcecode.c.objc; name = main.m; path = woozeee/main.m; sourceTree = "<group>"; };
		1AB20E6A47964239BADE07EA /* back1.jpg */ = {isa = PBXFileReference; explicitFileType = undefined; fileEncoding = 9; includeInIndex = 0; lastKnownFileType = unknown; name = back1.jpg; path = ../src/assets/images/banner/back1.jpg; sourceTree = "<group>"; };
		1B5FDE7AF7A14188B3E560C4 /* MaterialCommunityIcons.ttf */ = {isa = PBXFileReference; explicitFileType = undefined; fileEncoding = 9; includeInIndex = 0; lastKnownFileType = unknown; name = MaterialCommunityIcons.ttf; path = "../node_modules/react-native-vector-icons/Fonts/MaterialCommunityIcons.ttf"; sourceTree = "<group>"; };
		1D4EEB65BBE44F9EA4BFA261 /* wooz_outline.svg */ = {isa = PBXFileReference; explicitFileType = undefined; fileEncoding = 9; includeInIndex = 0; lastKnownFileType = unknown; name = wooz_outline.svg; path = ../src/assets/images/icon/wooz_outline.svg; sourceTree = "<group>"; };
		1DFB0DFC3FAC40CEA601DD3F /* SimpleLineIcons.ttf */ = {isa = PBXFileReference; explicitFileType = undefined; fileEncoding = 9; includeInIndex = 0; lastKnownFileType = unknown; name = SimpleLineIcons.ttf; path = "../node_modules/react-native-vector-icons/Fonts/SimpleLineIcons.ttf"; sourceTree = "<group>"; };
		238AC8FED8794EC5984C245B /* woozeee-charity.jpg */ = {isa = PBXFileReference; explicitFileType = undefined; fileEncoding = 9; includeInIndex = 0; lastKnownFileType = unknown; name = "woozeee-charity.jpg"; path = "../src/assets/images/banner/woozeee-charity.jpg"; sourceTree = "<group>"; };
		2A0A7C50F9D54DA285016FE9 /* Ionicons.ttf */ = {isa = PBXFileReference; explicitFileType = undefined; fileEncoding = 9; includeInIndex = 0; lastKnownFileType = unknown; name = Ionicons.ttf; path = "../node_modules/react-native-vector-icons/Fonts/Ionicons.ttf"; sourceTree = "<group>"; };
		302D1D3760D94A83BAE1AB7E /* onboarding-video-thumb.jpg */ = {isa = PBXFileReference; explicitFileType = undefined; fileEncoding = 9; includeInIndex = 0; lastKnownFileType = unknown; name = "onboarding-video-thumb.jpg"; path = "../src/assets/images/banner/onboarding-video-thumb.jpg"; sourceTree = "<group>"; };
		3422A46E6F0446DA860B26AC /* splash.png */ = {isa = PBXFileReference; explicitFileType = undefined; fileEncoding = 9; includeInIndex = 0; lastKnownFileType = unknown; name = splash.png; path = ../src/assets/images/drawable/splash.png; sourceTree = "<group>"; };
		37181E2BBFA24EFF9933DD5F /* wallet-outline.png */ = {isa = PBXFileReference; explicitFileType = undefined; fileEncoding = 9; includeInIndex = 0; lastKnownFileType = unknown; name = "wallet-outline.png"; path = "../src/assets/images/icon/wallet-outline.png"; sourceTree = "<group>"; };
		37BCE41EE48C41F9BC8B9D5E /* wooz.svg */ = {isa = PBXFileReference; explicitFileType = undefined; fileEncoding = 9; includeInIndex = 0; lastKnownFileType = unknown; name = wooz.svg; path = ../src/assets/images/svg/wooz.svg; sourceTree = "<group>"; };
		3B05395DC18148DAA8C7C119 /* placeholder-image.png */ = {isa = PBXFileReference; explicitFileType = undefined; fileEncoding = 9; includeInIndex = 0; lastKnownFileType = unknown; name = "placeholder-image.png"; path = "../src/assets/images/banner/placeholder-image.png"; sourceTree = "<group>"; };
		3FD55745B1CB442DAA597539 /* home.png */ = {isa = PBXFileReference; explicitFileType = undefined; fileEncoding = 9; includeInIndex = 0; lastKnownFileType = unknown; name = home.png; path = ../src/assets/images/icon/home.png; sourceTree = "<group>"; };
		4028759BAE2B4D74A4A5FD0C /* icon.png */ = {isa = PBXFileReference; explicitFileType = undefined; fileEncoding = 9; includeInIndex = 0; lastKnownFileType = unknown; name = icon.png; path = ../src/assets/images/drawable/icon.png; sourceTree = "<group>"; };
		42FD7448D990435AA00CE25B /* Entypo.ttf */ = {isa = PBXFileReference; explicitFileType = undefined; fileEncoding = 9; includeInIndex = 0; lastKnownFileType = unknown; name = Entypo.ttf; path = "../node_modules/react-native-vector-icons/Fonts/Entypo.ttf"; sourceTree = "<group>"; };
		455971AB2DA84A649FDD6940 /* FontAwesome5_Solid.ttf */ = {isa = PBXFileReference; explicitFileType = undefined; fileEncoding = 9; includeInIndex = 0; lastKnownFileType = unknown; name = FontAwesome5_Solid.ttf; path = "../node_modules/react-native-vector-icons/Fonts/FontAwesome5_Solid.ttf"; sourceTree = "<group>"; };
		473BE264CF7C4145A82E0CB9 /* montserrat-regular.ttf */ = {isa = PBXFileReference; explicitFileType = undefined; fileEncoding = 9; includeInIndex = 0; lastKnownFileType = unknown; name = "montserrat-regular.ttf"; path = "../src/assets/fonts/montserrat/montserrat-regular.ttf"; sourceTree = "<group>"; };
		49C2469748FC4CD3A6EADBE2 /* MaterialIcons.ttf */ = {isa = PBXFileReference; explicitFileType = undefined; fileEncoding = 9; includeInIndex = 0; lastKnownFileType = unknown; name = MaterialIcons.ttf; path = "../node_modules/react-native-vector-icons/Fonts/MaterialIcons.ttf"; sourceTree = "<group>"; };
		5801CDAA1E9F4A8ABF440B57 /* flag-ng.png */ = {isa = PBXFileReference; explicitFileType = undefined; fileEncoding = 9; includeInIndex = 0; lastKnownFileType = unknown; name = "flag-ng.png"; path = "../src/assets/images/icon/flag-ng.png"; sourceTree = "<group>"; };
		5871BC7B138F4A5B9B06420F /* woozeee-socials.jpg */ = {isa = PBXFileReference; explicitFileType = undefined; fileEncoding = 9; includeInIndex = 0; lastKnownFileType = unknown; name = "woozeee-socials.jpg"; path = "../src/assets/images/banner/woozeee-socials.jpg"; sourceTree = "<group>"; };
		58EEBF8E8E6FB1BC6CAF49B5 /* libPods-woozeee.a */ = {isa = PBXFileReference; explicitFileType = archive.ar; includeInIndex = 0; path = "libPods-woozeee.a"; sourceTree = BUILT_PRODUCTS_DIR; };
		5CBC8D4F5C7145CB8E5775A6 /* fontello.ttf */ = {isa = PBXFileReference; explicitFileType = undefined; fileEncoding = 9; includeInIndex = 0; lastKnownFileType = unknown; name = fontello.ttf; path = ../src/assets/fonts/fontello/fontello.ttf; sourceTree = "<group>"; };
		5EF4D4DC571440BA8CD9ABAE /* super_cup.png */ = {isa = PBXFileReference; explicitFileType = undefined; fileEncoding = 9; includeInIndex = 0; lastKnownFileType = unknown; name = super_cup.png; path = ../src/assets/images/icon/super_cup.png; sourceTree = "<group>"; };
		61E76FDF59C343C58549C77B /* clock.png */ = {isa = PBXFileReference; explicitFileType = undefined; fileEncoding = 9; includeInIndex = 0; lastKnownFileType = unknown; name = clock.png; path = ../src/assets/images/icon/clock.png; sourceTree = "<group>"; };
		6815C3011ED842DF83F1AAF2 /* super_cup_a.png */ = {isa = PBXFileReference; explicitFileType = undefined; fileEncoding = 9; includeInIndex = 0; lastKnownFileType = unknown; name = super_cup_a.png; path = ../src/assets/images/icon/super_cup_a.png; sourceTree = "<group>"; };
		68F8BA2D7D664DA2A8FEB113 /* montserrat-semibold.ttf */ = {isa = PBXFileReference; explicitFileType = undefined; fileEncoding = 9; includeInIndex = 0; lastKnownFileType = unknown; name = "montserrat-semibold.ttf"; path = "../src/assets/fonts/montserrat/montserrat-semibold.ttf"; sourceTree = "<group>"; };
		6B3953DA22B84022AB00F9A1 /* logo.png */ = {isa = PBXFileReference; explicitFileType = undefined; fileEncoding = 9; includeInIndex = 0; lastKnownFileType = unknown; name = logo.png; path = ../src/assets/images/drawable/logo.png; sourceTree = "<group>"; };
		6C1E91A10A7548E793ABA17D /* card-insure.jpg */ = {isa = PBXFileReference; explicitFileType = undefined; fileEncoding = 9; includeInIndex = 0; lastKnownFileType = unknown; name = "card-insure.jpg"; path = "../src/assets/images/card-insure.jpg"; sourceTree = "<group>"; };
		6C2E3173556A471DD304B334 /* Pods-woozeee.debug.xcconfig */ = {isa = PBXFileReference; includeInIndex = 1; lastKnownFileType = text.xcconfig; name = "Pods-woozeee.debug.xcconfig"; path = "Target Support Files/Pods-woozeee/Pods-woozeee.debug.xcconfig"; sourceTree = "<group>"; };
		6E3BCBF6DB414AE595191FBD /* placeholder-light.jpeg */ = {isa = PBXFileReference; explicitFileType = undefined; fileEncoding = 9; includeInIndex = 0; lastKnownFileType = unknown; name = "placeholder-light.jpeg"; path = "../src/assets/images/banner/placeholder-light.jpeg"; sourceTree = "<group>"; };
		6F6C8D3A61D14B5A9DB63D1C /* shome_before.svg */ = {isa = PBXFileReference; explicitFileType = undefined; fileEncoding = 9; includeInIndex = 0; lastKnownFileType = unknown; name = shome_before.svg; path = ../src/assets/images/svg/shome_before.svg; sourceTree = "<group>"; };
		7412B4CCE3764F30999194C9 /* wallet.png */ = {isa = PBXFileReference; explicitFileType = undefined; fileEncoding = 9; includeInIndex = 0; lastKnownFileType = unknown; name = wallet.png; path = ../src/assets/images/icon/wallet.png; sourceTree = "<group>"; };
		759CF6437F48443FAB52BDA0 /* supercup.png */ = {isa = PBXFileReference; explicitFileType = undefined; fileEncoding = 9; includeInIndex = 0; lastKnownFileType = unknown; name = supercup.png; path = ../src/assets/images/icon/supercup.png; sourceTree = "<group>"; };
		7A4D352CD337FB3A3BF06240 /* Pods-woozeee.release.xcconfig */ = {isa = PBXFileReference; includeInIndex = 1; lastKnownFileType = text.xcconfig; name = "Pods-woozeee.release.xcconfig"; path = "Target Support Files/Pods-woozeee/Pods-woozeee.release.xcconfig"; sourceTree = "<group>"; };
		7AB5A951DE444F3A80940001 /* wooz-outline.png */ = {isa = PBXFileReference; explicitFileType = undefined; fileEncoding = 9; includeInIndex = 0; lastKnownFileType = unknown; name = "wooz-outline.png"; path = "../src/assets/images/icon/wooz-outline.png"; sourceTree = "<group>"; };
		7AE99079783C470690E79863 /* back2.jpg */ = {isa = PBXFileReference; explicitFileType = undefined; fileEncoding = 9; includeInIndex = 0; lastKnownFileType = unknown; name = back2.jpg; path = ../src/assets/images/banner/back2.jpg; sourceTree = "<group>"; };
		7B3B929D5805471BA1054230 /* card-rewards.jpg */ = {isa = PBXFileReference; explicitFileType = undefined; fileEncoding = 9; includeInIndex = 0; lastKnownFileType = unknown; name = "card-rewards.jpg"; path = "../src/assets/images/card-rewards.jpg"; sourceTree = "<group>"; };
		7CE69EF1ED304242901955C8 /* list-outline.png */ = {isa = PBXFileReference; explicitFileType = undefined; fileEncoding = 9; includeInIndex = 0; lastKnownFileType = unknown; name = "list-outline.png"; path = "../src/assets/images/icon/list-outline.png"; sourceTree = "<group>"; };
		88A631CE73E9482F9CEB3EEF /* verified-1.png */ = {isa = PBXFileReference; explicitFileType = undefined; fileEncoding = 9; includeInIndex = 0; lastKnownFileType = unknown; name = "verified-1.png"; path = "../src/assets/images/icon/verified-1.png"; sourceTree = "<group>"; };
		8926A6AAC7BF44C6B8440410 /* user2.png */ = {isa = PBXFileReference; explicitFileType = undefined; fileEncoding = 9; includeInIndex = 0; lastKnownFileType = unknown; name = user2.png; path = ../src/assets/images/user/user2.png; sourceTree = "<group>"; };
		949FA8D23A8349E1A766A9DB /* Zocial.ttf */ = {isa = PBXFileReference; explicitFileType = undefined; fileEncoding = 9; includeInIndex = 0; lastKnownFileType = unknown; name = Zocial.ttf; path = "../node_modules/react-native-vector-icons/Fonts/Zocial.ttf"; sourceTree = "<group>"; };
		94A42DBD1D3744C8A6A78ED5 /* favicon.png */ = {isa = PBXFileReference; explicitFileType = undefined; fileEncoding = 9; includeInIndex = 0; lastKnownFileType = unknown; name = favicon.png; path = ../src/assets/images/drawable/favicon.png; sourceTree = "<group>"; };
		94E36C4DECC84159A512AA79 /* onboarding-video-thumb.jpg */ = {isa = PBXFileReference; explicitFileType = undefined; fileEncoding = 9; includeInIndex = 0; lastKnownFileType = unknown; name = "onboarding-video-thumb.jpg"; path = "../src/assets/images/onboarding-video-thumb.jpg"; sourceTree = "<group>"; };
		95F0501644DD495FA74ED006 /* card-wallet.jpg */ = {isa = PBXFileReference; explicitFileType = undefined; fileEncoding = 9; includeInIndex = 0; lastKnownFileType = unknown; name = "card-wallet.jpg"; path = "../src/assets/images/card-wallet.jpg"; sourceTree = "<group>"; };
		9A75B0C53DFF4087821C1CAE /* upload.png */ = {isa = PBXFileReference; explicitFileType = undefined; fileEncoding = 9; includeInIndex = 0; lastKnownFileType = unknown; name = upload.png; path = ../src/assets/images/icon/upload.png; sourceTree = "<group>"; };
		A248CA4A4C064E728B39CDAB /* FontAwesome5_Regular.ttf */ = {isa = PBXFileReference; explicitFileType = undefined; fileEncoding = 9; includeInIndex = 0; lastKnownFileType = unknown; name = FontAwesome5_Regular.ttf; path = "../node_modules/react-native-vector-icons/Fonts/FontAwesome5_Regular.ttf"; sourceTree = "<group>"; };
		A2BB1748A91945548E2D0490 /* Feather.ttf */ = {isa = PBXFileReference; explicitFileType = undefined; fileEncoding = 9; includeInIndex = 0; lastKnownFileType = unknown; name = Feather.ttf; path = "../node_modules/react-native-vector-icons/Fonts/Feather.ttf"; sourceTree = "<group>"; };
		A3D7654A362341219758181F /* clock-outline.png */ = {isa = PBXFileReference; explicitFileType = undefined; fileEncoding = 9; includeInIndex = 0; lastKnownFileType = unknown; name = "clock-outline.png"; path = "../src/assets/images/icon/clock-outline.png"; sourceTree = "<group>"; };
		A5431F70100E47FD854B0A51 /* Octicons.ttf */ = {isa = PBXFileReference; explicitFileType = undefined; fileEncoding = 9; includeInIndex = 0; lastKnownFileType = unknown; name = Octicons.ttf; path = "../node_modules/react-native-vector-icons/Fonts/Octicons.ttf"; sourceTree = "<group>"; };
		A589F1A432874B9A98469E96 /* woozeee-marketplace.jpg */ = {isa = PBXFileReference; explicitFileType = undefined; fileEncoding = 9; includeInIndex = 0; lastKnownFileType = unknown; name = "woozeee-marketplace.jpg"; path = "../src/assets/images/banner/woozeee-marketplace.jpg"; sourceTree = "<group>"; };
		A7D2C625F33E40CD9F06E62F /* home-outline.png */ = {isa = PBXFileReference; explicitFileType = undefined; fileEncoding = 9; includeInIndex = 0; lastKnownFileType = unknown; name = "home-outline.png"; path = "../src/assets/images/icon/home-outline.png"; sourceTree = "<group>"; };
		A9418BBA9E114D99B2AC9A6B /* wooz_outline.svg */ = {isa = PBXFileReference; explicitFileType = undefined; fileEncoding = 9; includeInIndex = 0; lastKnownFileType = unknown; name = wooz_outline.svg; path = ../src/assets/images/svg/wooz_outline.svg; sourceTree = "<group>"; };
		AA286B85B6C04FC6940260E9 /* SplashScreen.storyboard */ = {isa = PBXFileReference; fileEncoding = 4; lastKnownFileType = file.storyboard; name = SplashScreen.storyboard; path = woozeee/SplashScreen.storyboard; sourceTree = "<group>"; };
		AB0F8A2C99AF4F479A4E1D15 /* list.png */ = {isa = PBXFileReference; explicitFileType = undefined; fileEncoding = 9; includeInIndex = 0; lastKnownFileType = unknown; name = list.png; path = ../src/assets/images/icon/list.png; sourceTree = "<group>"; };
		ABE7883A9A38497DADB999D0 /* back3.jpg */ = {isa = PBXFileReference; explicitFileType = undefined; fileEncoding = 9; includeInIndex = 0; lastKnownFileType = unknown; name = back3.jpg; path = ../src/assets/images/banner/back3.jpg; sourceTree = "<group>"; };
		ACA04AB460C3438DB80972C6 /* social.png */ = {isa = PBXFileReference; explicitFileType = undefined; fileEncoding = 9; includeInIndex = 0; lastKnownFileType = unknown; name = social.png; path = ../src/assets/images/icon/social.png; sourceTree = "<group>"; };
		B04030E619BE4307AA71BF52 /* verified.png */ = {isa = PBXFileReference; explicitFileType = undefined; fileEncoding = 9; includeInIndex = 0; lastKnownFileType = unknown; name = verified.png; path = ../src/assets/images/icon/verified.png; sourceTree = "<group>"; };
		B13211F6D4BB4CA6BD2A29CE /* Foundation.ttf */ = {isa = PBXFileReference; explicitFileType = undefined; fileEncoding = 9; includeInIndex = 0; lastKnownFileType = unknown; name = Foundation.ttf; path = "../node_modules/react-native-vector-icons/Fonts/Foundation.ttf"; sourceTree = "<group>"; };
		BB2F792C24A3F905000567C9 /* Expo.plist */ = {isa = PBXFileReference; fileEncoding = 4; lastKnownFileType = text.plist.xml; path = Expo.plist; sourceTree = "<group>"; };
		BF5D7CA8004E410F8B14D760 /* sprofile_after.svg */ = {isa = PBXFileReference; explicitFileType = undefined; fileEncoding = 9; includeInIndex = 0; lastKnownFileType = unknown; name = sprofile_after.svg; path = ../src/assets/images/svg/sprofile_after.svg; sourceTree = "<group>"; };
		C093E780548744A4A4B6EBC3 /* wooz.png */ = {isa = PBXFileReference; explicitFileType = undefined; fileEncoding = 9; includeInIndex = 0; lastKnownFileType = unknown; name = wooz.png; path = ../src/assets/images/icon/wooz.png; sourceTree = "<group>"; };
		C31D16D025FA54C6001E92CD /* wallet.jpg */ = {isa = PBXFileReference; lastKnownFileType = image.jpeg; name = wallet.jpg; path = ../src/assets/images/card/wallet.jpg; sourceTree = "<group>"; };
		C31D16D325FA54CE001E92CD /* rewards.jpg */ = {isa = PBXFileReference; lastKnownFileType = image.jpeg; name = rewards.jpg; path = ../src/assets/images/card/rewards.jpg; sourceTree = "<group>"; };
		C31D16D425FA54CE001E92CD /* insure.jpg */ = {isa = PBXFileReference; lastKnownFileType = image.jpeg; name = insure.jpg; path = ../src/assets/images/card/insure.jpg; sourceTree = "<group>"; };
		C76EE94F1A7144E0B9AB7618 /* FontAwesome.ttf */ = {isa = PBXFileReference; explicitFileType = undefined; fileEncoding = 9; includeInIndex = 0; lastKnownFileType = unknown; name = FontAwesome.ttf; path = "../node_modules/react-native-vector-icons/Fonts/FontAwesome.ttf"; sourceTree = "<group>"; };
		CCFD33ACCE5E4B39A4683CCF /* FontAwesome5_Brands.ttf */ = {isa = PBXFileReference; explicitFileType = undefined; fileEncoding = 9; includeInIndex = 0; lastKnownFileType = unknown; name = FontAwesome5_Brands.ttf; path = "../node_modules/react-native-vector-icons/Fonts/FontAwesome5_Brands.ttf"; sourceTree = "<group>"; };
		CF5DCFEA166F4285B596FF62 /* montserrat-medium.ttf */ = {isa = PBXFileReference; explicitFileType = undefined; fileEncoding = 9; includeInIndex = 0; lastKnownFileType = unknown; name = "montserrat-medium.ttf"; path = "../src/assets/fonts/montserrat/montserrat-medium.ttf"; sourceTree = "<group>"; };
		D332EBB6CBE84A8BBA6E7D1A /* AntDesign.ttf */ = {isa = PBXFileReference; explicitFileType = undefined; fileEncoding = 9; includeInIndex = 0; lastKnownFileType = unknown; name = AntDesign.ttf; path = "../node_modules/react-native-vector-icons/Fonts/AntDesign.ttf"; sourceTree = "<group>"; };
		DF9EE288D1FC4D8EB0C2AB10 /* user3.png */ = {isa = PBXFileReference; explicitFileType = undefined; fileEncoding = 9; includeInIndex = 0; lastKnownFileType = unknown; name = user3.png; path = ../src/assets/images/user/user3.png; sourceTree = "<group>"; };
		EC1A86DFE4564100BDD50F48 /* sprofile_before.svg */ = {isa = PBXFileReference; explicitFileType = undefined; fileEncoding = 9; includeInIndex = 0; lastKnownFileType = unknown; name = sprofile_before.svg; path = ../src/assets/images/svg/sprofile_before.svg; sourceTree = "<group>"; };
		ED297162215061F000B7C4FE /* JavaScriptCore.framework */ = {isa = PBXFileReference; lastKnownFileType = wrapper.framework; name = JavaScriptCore.framework; path = System/Library/Frameworks/JavaScriptCore.framework; sourceTree = SDKROOT; };
		ED2971642150620600B7C4FE /* JavaScriptCore.framework */ = {isa = PBXFileReference; lastKnownFileType = wrapper.framework; name = JavaScriptCore.framework; path = Platforms/AppleTVOS.platform/Developer/SDKs/AppleTVOS12.0.sdk/System/Library/Frameworks/JavaScriptCore.framework; sourceTree = DEVELOPER_DIR; };
		F013A54E7A054518A26AA439 /* placeholder-dark.jpg */ = {isa = PBXFileReference; explicitFileType = undefined; fileEncoding = 9; includeInIndex = 0; lastKnownFileType = unknown; name = "placeholder-dark.jpg"; path = "../src/assets/images/banner/placeholder-dark.jpg"; sourceTree = "<group>"; };
		F08C4CADA5EC49DE83FEAD2C /* shome_after.svg */ = {isa = PBXFileReference; explicitFileType = undefined; fileEncoding = 9; includeInIndex = 0; lastKnownFileType = unknown; name = shome_after.svg; path = ../src/assets/images/svg/shome_after.svg; sourceTree = "<group>"; };
		F1C2D6EA2A2C47D4A162EF97 /* user-outline.png */ = {isa = PBXFileReference; explicitFileType = undefined; fileEncoding = 9; includeInIndex = 0; lastKnownFileType = unknown; name = "user-outline.png"; path = "../src/assets/images/icon/user-outline.png"; sourceTree = "<group>"; };
		FA9AE615BD03463BB6462C13 /* Fontisto.ttf */ = {isa = PBXFileReference; explicitFileType = undefined; fileEncoding = 9; includeInIndex = 0; lastKnownFileType = unknown; name = Fontisto.ttf; path = "../node_modules/react-native-vector-icons/Fonts/Fontisto.ttf"; sourceTree = "<group>"; };
		FBB302644AA0421E9AAB1AB1 /* EvilIcons.ttf */ = {isa = PBXFileReference; explicitFileType = undefined; fileEncoding = 9; includeInIndex = 0; lastKnownFileType = unknown; name = EvilIcons.ttf; path = "../node_modules/react-native-vector-icons/Fonts/EvilIcons.ttf"; sourceTree = "<group>"; };
		FEAB29FDF95A4DC4A7A696FB /* montserrat-light.ttf */ = {isa = PBXFileReference; explicitFileType = undefined; fileEncoding = 9; includeInIndex = 0; lastKnownFileType = unknown; name = "montserrat-light.ttf"; path = "../src/assets/fonts/montserrat/montserrat-light.ttf"; sourceTree = "<group>"; };
		A79A6324FC594163BD53C2AD /* mega-sale.jpg */ = {isa = PBXFileReference; name = "mega-sale.jpg"; path = "../src/assets/images/banner/mega-sale.jpg"; sourceTree = "<group>"; fileEncoding = undefined; lastKnownFileType = unknown; explicitFileType = undefined; includeInIndex = 0; };
		D306F06486494C729C9D45F0 /* valentine.jpg */ = {isa = PBXFileReference; name = "valentine.jpg"; path = "../src/assets/images/banner/valentine.jpg"; sourceTree = "<group>"; fileEncoding = undefined; lastKnownFileType = unknown; explicitFileType = undefined; includeInIndex = 0; };
		B299987EE3684387852470D9 /* woozeee-ad.jpg */ = {isa = PBXFileReference; name = "woozeee-ad.jpg"; path = "../src/assets/images/banner/woozeee-ad.jpg"; sourceTree = "<group>"; fileEncoding = undefined; lastKnownFileType = unknown; explicitFileType = undefined; includeInIndex = 0; };
		84EE0EC837FC4DE8B81784D8 /* atm-filled.png */ = {isa = PBXFileReference; name = "atm-filled.png"; path = "../src/assets/images/icon/atm-filled.png"; sourceTree = "<group>"; fileEncoding = undefined; lastKnownFileType = unknown; explicitFileType = undefined; includeInIndex = 0; };
		628EF450AA0142BFAE0E44CE /* bag-filled.png */ = {isa = PBXFileReference; name = "bag-filled.png"; path = "../src/assets/images/icon/bag-filled.png"; sourceTree = "<group>"; fileEncoding = undefined; lastKnownFileType = unknown; explicitFileType = undefined; includeInIndex = 0; };
		5D8BAC406D8747619C1AD856 /* balance-filled.png */ = {isa = PBXFileReference; name = "balance-filled.png"; path = "../src/assets/images/icon/balance-filled.png"; sourceTree = "<group>"; fileEncoding = undefined; lastKnownFileType = unknown; explicitFileType = undefined; includeInIndex = 0; };
		AF808F760CD3450E96584C0A /* ball-filled.png */ = {isa = PBXFileReference; name = "ball-filled.png"; path = "../src/assets/images/icon/ball-filled.png"; sourceTree = "<group>"; fileEncoding = undefined; lastKnownFileType = unknown; explicitFileType = undefined; includeInIndex = 0; };
		17BD668FE330478FA2C966C0 /* bank-filled.png */ = {isa = PBXFileReference; name = "bank-filled.png"; path = "../src/assets/images/icon/bank-filled.png"; sourceTree = "<group>"; fileEncoding = undefined; lastKnownFileType = unknown; explicitFileType = undefined; includeInIndex = 0; };
		F350E31882D84776B67DF691 /* cart-outline.png */ = {isa = PBXFileReference; name = "cart-outline.png"; path = "../src/assets/images/icon/cart-outline.png"; sourceTree = "<group>"; fileEncoding = undefined; lastKnownFileType = unknown; explicitFileType = undefined; includeInIndex = 0; };
		7F69C2959C354910973746F2 /* chat-outline.png */ = {isa = PBXFileReference; name = "chat-outline.png"; path = "../src/assets/images/icon/chat-outline.png"; sourceTree = "<group>"; fileEncoding = undefined; lastKnownFileType = unknown; explicitFileType = undefined; includeInIndex = 0; };
		0A6D30F572E94ABDB2EA4968 /* doctor-filled.png */ = {isa = PBXFileReference; name = "doctor-filled.png"; path = "../src/assets/images/icon/doctor-filled.png"; sourceTree = "<group>"; fileEncoding = undefined; lastKnownFileType = unknown; explicitFileType = undefined; includeInIndex = 0; };
		61420B91FE4C47E18D4199BE /* eye-outline.png */ = {isa = PBXFileReference; name = "eye-outline.png"; path = "../src/assets/images/icon/eye-outline.png"; sourceTree = "<group>"; fileEncoding = undefined; lastKnownFileType = unknown; explicitFileType = undefined; includeInIndex = 0; };
		A9F022E6F3754D719C972CE6 /* grid-outline.png */ = {isa = PBXFileReference; name = "grid-outline.png"; path = "../src/assets/images/icon/grid-outline.png"; sourceTree = "<group>"; fileEncoding = undefined; lastKnownFileType = unknown; explicitFileType = undefined; includeInIndex = 0; };
		63DFCF0D792849578BB66C4B /* heart-outline.png */ = {isa = PBXFileReference; name = "heart-outline.png"; path = "../src/assets/images/icon/heart-outline.png"; sourceTree = "<group>"; fileEncoding = undefined; lastKnownFileType = unknown; explicitFileType = undefined; includeInIndex = 0; };
		B6F49223F87F4B98B52DBE54 /* heart.png */ = {isa = PBXFileReference; name = "heart.png"; path = "../src/assets/images/icon/heart.png"; sourceTree = "<group>"; fileEncoding = undefined; lastKnownFileType = unknown; explicitFileType = undefined; includeInIndex = 0; };
		FC29B5BA44044D508CA1AA72 /* map-filled.png */ = {isa = PBXFileReference; name = "map-filled.png"; path = "../src/assets/images/icon/map-filled.png"; sourceTree = "<group>"; fileEncoding = undefined; lastKnownFileType = unknown; explicitFileType = undefined; includeInIndex = 0; };
		50116FFA8ED7483C9E5E4E72 /* market-outline.png */ = {isa = PBXFileReference; name = "market-outline.png"; path = "../src/assets/images/icon/market-outline.png"; sourceTree = "<group>"; fileEncoding = undefined; lastKnownFileType = unknown; explicitFileType = undefined; includeInIndex = 0; };
		54DD9714B3064958B4AA9340 /* movie-outline.png */ = {isa = PBXFileReference; name = "movie-outline.png"; path = "../src/assets/images/icon/movie-outline.png"; sourceTree = "<group>"; fileEncoding = undefined; lastKnownFileType = unknown; explicitFileType = undefined; includeInIndex = 0; };
		38A823F5DF6E4A05AFC8DB98 /* notification-new-outline.png */ = {isa = PBXFileReference; name = "notification-new-outline.png"; path = "../src/assets/images/icon/notification-new-outline.png"; sourceTree = "<group>"; fileEncoding = undefined; lastKnownFileType = unknown; explicitFileType = undefined; includeInIndex = 0; };
		AE403C3242A44A8F9E649219 /* reorder-left-outline.png */ = {isa = PBXFileReference; name = "reorder-left-outline.png"; path = "../src/assets/images/icon/reorder-left-outline.png"; sourceTree = "<group>"; fileEncoding = undefined; lastKnownFileType = unknown; explicitFileType = undefined; includeInIndex = 0; };
		49CDEBA8F9384049B60C48E7 /* search-outline.png */ = {isa = PBXFileReference; name = "search-outline.png"; path = "../src/assets/images/icon/search-outline.png"; sourceTree = "<group>"; fileEncoding = undefined; lastKnownFileType = unknown; explicitFileType = undefined; includeInIndex = 0; };
		2B879782242B4DD6B1CB4E10 /* share-outline.png */ = {isa = PBXFileReference; name = "share-outline.png"; path = "../src/assets/images/icon/share-outline.png"; sourceTree = "<group>"; fileEncoding = undefined; lastKnownFileType = unknown; explicitFileType = undefined; includeInIndex = 0; };
		EE2C04C1BF1F48979C57D09F /* tag-filled.png */ = {isa = PBXFileReference; name = "tag-filled.png"; path = "../src/assets/images/icon/tag-filled.png"; sourceTree = "<group>"; fileEncoding = undefined; lastKnownFileType = unknown; explicitFileType = undefined; includeInIndex = 0; };
		653D8AC88A964A608D7B0061 /* user-2-outline.png */ = {isa = PBXFileReference; name = "user-2-outline.png"; path = "../src/assets/images/icon/user-2-outline.png"; sourceTree = "<group>"; fileEncoding = undefined; lastKnownFileType = unknown; explicitFileType = undefined; includeInIndex = 0; };
		A29551CC493A404B8AC1AE2F /* video-outline.png */ = {isa = PBXFileReference; name = "video-outline.png"; path = "../src/assets/images/icon/video-outline.png"; sourceTree = "<group>"; fileEncoding = undefined; lastKnownFileType = unknown; explicitFileType = undefined; includeInIndex = 0; };
		6D01688DCC714288B7DFE4E1 /* heart-filled.png */ = {isa = PBXFileReference; name = "heart-filled.png"; path = "../src/assets/images/icon/heart-filled.png"; sourceTree = "<group>"; fileEncoding = undefined; lastKnownFileType = unknown; explicitFileType = undefined; includeInIndex = 0; };
/* End PBXFileReference section */

/* Begin PBXFrameworksBuildPhase section */
		13B07F8C1A680F5B00A75B9A /* Frameworks */ = {
			isa = PBXFrameworksBuildPhase;
			buildActionMask = 2147483647;
			files = (
				96905EF65AED1B983A6B3ABC /* libPods-woozeee.a in Frameworks */,
			);
			runOnlyForDeploymentPostprocessing = 0;
		};
/* End PBXFrameworksBuildPhase section */

/* Begin PBXGroup section */
		13B07FAE1A68108700A75B9A /* woozeee */ = {
			isa = PBXGroup;
			children = (
				BB2F792B24A3F905000567C9 /* Supporting */,
				008F07F21AC5B25A0029DE68 /* main.jsbundle */,
				13B07FAF1A68108700A75B9A /* AppDelegate.h */,
				13B07FB01A68108700A75B9A /* AppDelegate.m */,
				13B07FB51A68108700A75B9A /* Images.xcassets */,
				13B07FB61A68108700A75B9A /* Info.plist */,
				13B07FB11A68108700A75B9A /* LaunchScreen.xib */,
				13B07FB71A68108700A75B9A /* main.m */,
				AA286B85B6C04FC6940260E9 /* SplashScreen.storyboard */,
			);
			name = woozeee;
			sourceTree = "<group>";
		};
		2D16E6871FA4F8E400B85C8A /* Frameworks */ = {
			isa = PBXGroup;
			children = (
				ED297162215061F000B7C4FE /* JavaScriptCore.framework */,
				ED2971642150620600B7C4FE /* JavaScriptCore.framework */,
				58EEBF8E8E6FB1BC6CAF49B5 /* libPods-woozeee.a */,
			);
			name = Frameworks;
			sourceTree = "<group>";
		};
		832341AE1AAA6A7D00B99B32 /* Libraries */ = {
			isa = PBXGroup;
			children = (
			);
			name = Libraries;
			sourceTree = "<group>";
		};
		83CBB9F61A601CBA00E9B192 = {
			isa = PBXGroup;
			children = (
				C31D16D425FA54CE001E92CD /* insure.jpg */,
				C31D16D325FA54CE001E92CD /* rewards.jpg */,
				C31D16D025FA54C6001E92CD /* wallet.jpg */,
				13B07FAE1A68108700A75B9A /* woozeee */,
				832341AE1AAA6A7D00B99B32 /* Libraries */,
				83CBBA001A601CBA00E9B192 /* Products */,
				2D16E6871FA4F8E400B85C8A /* Frameworks */,
				D65327D7A22EEC0BE12398D9 /* Pods */,
				FA7A17408BA94B3789A374B4 /* Resources */,
			);
			indentWidth = 2;
			sourceTree = "<group>";
			tabWidth = 2;
			usesTabs = 0;
		};
		83CBBA001A601CBA00E9B192 /* Products */ = {
			isa = PBXGroup;
			children = (
				13B07F961A680F5B00A75B9A /* woozeee.app */,
			);
			name = Products;
			sourceTree = "<group>";
		};
		BB2F792B24A3F905000567C9 /* Supporting */ = {
			isa = PBXGroup;
			children = (
				BB2F792C24A3F905000567C9 /* Expo.plist */,
			);
			name = Supporting;
			path = woozeee/Supporting;
			sourceTree = "<group>";
		};
		D65327D7A22EEC0BE12398D9 /* Pods */ = {
			isa = PBXGroup;
			children = (
				6C2E3173556A471DD304B334 /* Pods-woozeee.debug.xcconfig */,
				7A4D352CD337FB3A3BF06240 /* Pods-woozeee.release.xcconfig */,
			);
			path = Pods;
			sourceTree = "<group>";
		};
		FA7A17408BA94B3789A374B4 /* Resources */ = {
			isa = PBXGroup;
			children = (
				1AB20E6A47964239BADE07EA /* back1.jpg */,
				7AE99079783C470690E79863 /* back2.jpg */,
				ABE7883A9A38497DADB999D0 /* back3.jpg */,
				238AC8FED8794EC5984C245B /* woozeee-charity.jpg */,
				A589F1A432874B9A98469E96 /* woozeee-marketplace.jpg */,
				5871BC7B138F4A5B9B06420F /* woozeee-socials.jpg */,
				6C1E91A10A7548E793ABA17D /* card-insure.jpg */,
				7B3B929D5805471BA1054230 /* card-rewards.jpg */,
				95F0501644DD495FA74ED006 /* card-wallet.jpg */,
				94A42DBD1D3744C8A6A78ED5 /* favicon.png */,
				4028759BAE2B4D74A4A5FD0C /* icon.png */,
				6B3953DA22B84022AB00F9A1 /* logo.png */,
				3422A46E6F0446DA860B26AC /* splash.png */,
				5801CDAA1E9F4A8ABF440B57 /* flag-ng.png */,
				9A75B0C53DFF4087821C1CAE /* upload.png */,
				B04030E619BE4307AA71BF52 /* verified.png */,
				94E36C4DECC84159A512AA79 /* onboarding-video-thumb.jpg */,
				0C3EFE14BFF7406C9A6F108F /* user1.png */,
				8926A6AAC7BF44C6B8440410 /* user2.png */,
				DF9EE288D1FC4D8EB0C2AB10 /* user3.png */,
				FEAB29FDF95A4DC4A7A696FB /* montserrat-light.ttf */,
				CF5DCFEA166F4285B596FF62 /* montserrat-medium.ttf */,
				473BE264CF7C4145A82E0CB9 /* montserrat-regular.ttf */,
				68F8BA2D7D664DA2A8FEB113 /* montserrat-semibold.ttf */,
				09E7315CBDCB41AFBC86725F /* flag-round-ng.png */,
				302D1D3760D94A83BAE1AB7E /* onboarding-video-thumb.jpg */,
				F013A54E7A054518A26AA439 /* placeholder-dark.jpg */,
				6E3BCBF6DB414AE595191FBD /* placeholder-light.jpeg */,
				6815C3011ED842DF83F1AAF2 /* super_cup_a.png */,
				5EF4D4DC571440BA8CD9ABAE /* super_cup.png */,
				88A631CE73E9482F9CEB3EEF /* verified-1.png */,
				119F66F00A2E4670898539EC /* verified-2.png */,
				F08C4CADA5EC49DE83FEAD2C /* shome_after.svg */,
				6F6C8D3A61D14B5A9DB63D1C /* shome_before.svg */,
				BF5D7CA8004E410F8B14D760 /* sprofile_after.svg */,
				EC1A86DFE4564100BDD50F48 /* sprofile_before.svg */,
				A9418BBA9E114D99B2AC9A6B /* wooz_outline.svg */,
				37BCE41EE48C41F9BC8B9D5E /* wooz.svg */,
				3B05395DC18148DAA8C7C119 /* placeholder-image.png */,
				A3D7654A362341219758181F /* clock-outline.png */,
				61E76FDF59C343C58549C77B /* clock.png */,
				A7D2C625F33E40CD9F06E62F /* home-outline.png */,
				3FD55745B1CB442DAA597539 /* home.png */,
				7CE69EF1ED304242901955C8 /* list-outline.png */,
				AB0F8A2C99AF4F479A4E1D15 /* list.png */,
				040D91DB33BD4CC09770540C /* social-outline.png */,
				ACA04AB460C3438DB80972C6 /* social.png */,
				00ADF19A8B9549EEA00761CA /* supercup-outline.png */,
				759CF6437F48443FAB52BDA0 /* supercup.png */,
				F1C2D6EA2A2C47D4A162EF97 /* user-outline.png */,
				04569F60BC5F4EBB994EF3B3 /* user.png */,
				37181E2BBFA24EFF9933DD5F /* wallet-outline.png */,
				7412B4CCE3764F30999194C9 /* wallet.png */,
				1D4EEB65BBE44F9EA4BFA261 /* wooz_outline.svg */,
				7AB5A951DE444F3A80940001 /* wooz-outline.png */,
				C093E780548744A4A4B6EBC3 /* wooz.png */,
				D332EBB6CBE84A8BBA6E7D1A /* AntDesign.ttf */,
				42FD7448D990435AA00CE25B /* Entypo.ttf */,
				FBB302644AA0421E9AAB1AB1 /* EvilIcons.ttf */,
				A2BB1748A91945548E2D0490 /* Feather.ttf */,
				C76EE94F1A7144E0B9AB7618 /* FontAwesome.ttf */,
				CCFD33ACCE5E4B39A4683CCF /* FontAwesome5_Brands.ttf */,
				A248CA4A4C064E728B39CDAB /* FontAwesome5_Regular.ttf */,
				455971AB2DA84A649FDD6940 /* FontAwesome5_Solid.ttf */,
				FA9AE615BD03463BB6462C13 /* Fontisto.ttf */,
				B13211F6D4BB4CA6BD2A29CE /* Foundation.ttf */,
				2A0A7C50F9D54DA285016FE9 /* Ionicons.ttf */,
				1B5FDE7AF7A14188B3E560C4 /* MaterialCommunityIcons.ttf */,
				49C2469748FC4CD3A6EADBE2 /* MaterialIcons.ttf */,
				A5431F70100E47FD854B0A51 /* Octicons.ttf */,
				1DFB0DFC3FAC40CEA601DD3F /* SimpleLineIcons.ttf */,
				949FA8D23A8349E1A766A9DB /* Zocial.ttf */,
				5CBC8D4F5C7145CB8E5775A6 /* fontello.ttf */,
				A79A6324FC594163BD53C2AD /* mega-sale.jpg */,
				D306F06486494C729C9D45F0 /* valentine.jpg */,
				B299987EE3684387852470D9 /* woozeee-ad.jpg */,
				84EE0EC837FC4DE8B81784D8 /* atm-filled.png */,
				628EF450AA0142BFAE0E44CE /* bag-filled.png */,
				5D8BAC406D8747619C1AD856 /* balance-filled.png */,
				AF808F760CD3450E96584C0A /* ball-filled.png */,
				17BD668FE330478FA2C966C0 /* bank-filled.png */,
				F350E31882D84776B67DF691 /* cart-outline.png */,
				7F69C2959C354910973746F2 /* chat-outline.png */,
				0A6D30F572E94ABDB2EA4968 /* doctor-filled.png */,
				61420B91FE4C47E18D4199BE /* eye-outline.png */,
				A9F022E6F3754D719C972CE6 /* grid-outline.png */,
				63DFCF0D792849578BB66C4B /* heart-outline.png */,
				B6F49223F87F4B98B52DBE54 /* heart.png */,
				FC29B5BA44044D508CA1AA72 /* map-filled.png */,
				50116FFA8ED7483C9E5E4E72 /* market-outline.png */,
				54DD9714B3064958B4AA9340 /* movie-outline.png */,
				38A823F5DF6E4A05AFC8DB98 /* notification-new-outline.png */,
				AE403C3242A44A8F9E649219 /* reorder-left-outline.png */,
				49CDEBA8F9384049B60C48E7 /* search-outline.png */,
				2B879782242B4DD6B1CB4E10 /* share-outline.png */,
				EE2C04C1BF1F48979C57D09F /* tag-filled.png */,
				653D8AC88A964A608D7B0061 /* user-2-outline.png */,
				A29551CC493A404B8AC1AE2F /* video-outline.png */,
				6D01688DCC714288B7DFE4E1 /* heart-filled.png */,
			);
			name = Resources;
			sourceTree = "<group>";
		};
/* End PBXGroup section */

/* Begin PBXNativeTarget section */
		13B07F861A680F5B00A75B9A /* woozeee */ = {
			isa = PBXNativeTarget;
			buildConfigurationList = 13B07F931A680F5B00A75B9A /* Build configuration list for PBXNativeTarget "woozeee" */;
			buildPhases = (
				08A4A3CD28434E44B6B9DE2E /* [CP] Check Pods Manifest.lock */,
				FD10A7F022414F080027D42C /* Start Packager */,
				13B07F871A680F5B00A75B9A /* Sources */,
				13B07F8C1A680F5B00A75B9A /* Frameworks */,
				13B07F8E1A680F5B00A75B9A /* Resources */,
				00DD1BFF1BD5951E006B06BC /* Bundle React Native code and images */,
				800E24972A6A228C8D4807E9 /* [CP] Copy Pods Resources */,
				247A348E5147AB6DB504147F /* [CP] Embed Pods Frameworks */,
			);
			buildRules = (
			);
			dependencies = (
			);
			name = woozeee;
			productName = woozeee;
			productReference = 13B07F961A680F5B00A75B9A /* woozeee.app */;
			productType = "com.apple.product-type.application";
		};
/* End PBXNativeTarget section */

/* Begin PBXProject section */
		83CBB9F71A601CBA00E9B192 /* Project object */ = {
			isa = PBXProject;
			attributes = {
				LastUpgradeCheck = 1240;
				TargetAttributes = {
					13B07F861A680F5B00A75B9A = {
						LastSwiftMigration = 1120;
					};
				};
			};
			buildConfigurationList = 83CBB9FA1A601CBA00E9B192 /* Build configuration list for PBXProject "woozeee" */;
			compatibilityVersion = "Xcode 3.2";
			developmentRegion = en;
			hasScannedForEncodings = 0;
			knownRegions = (
				en,
				Base,
			);
			mainGroup = 83CBB9F61A601CBA00E9B192;
			productRefGroup = 83CBBA001A601CBA00E9B192 /* Products */;
			projectDirPath = "";
			projectRoot = "";
			targets = (
				13B07F861A680F5B00A75B9A /* woozeee */,
			);
		};
/* End PBXProject section */

/* Begin PBXResourcesBuildPhase section */
		13B07F8E1A680F5B00A75B9A /* Resources */ = {
			isa = PBXResourcesBuildPhase;
			buildActionMask = 2147483647;
			files = (
				BB2F792D24A3F905000567C9 /* Expo.plist in Resources */,
				13B07FBF1A68108700A75B9A /* Images.xcassets in Resources */,
				13B07FBD1A68108700A75B9A /* LaunchScreen.xib in Resources */,
				3E461D99554A48A4959DE609 /* SplashScreen.storyboard in Resources */,
				F8090E7B27E44B318610448B /* back1.jpg in Resources */,
				D2B7C7E681DF4FADB08B62BA /* back2.jpg in Resources */,
				C6484A0F6917419FB1280FD1 /* back3.jpg in Resources */,
				F82DF7F102B246DC83A93C2E /* woozeee-charity.jpg in Resources */,
				05E1A4F6944B40C5949B60CA /* woozeee-marketplace.jpg in Resources */,
				7A06F0C4871F407BA01B1569 /* woozeee-socials.jpg in Resources */,
				8E4A70F6711647FAB6C88C0C /* favicon.png in Resources */,
				553EA2C5325C40D292EB3F9B /* icon.png in Resources */,
				02B9AB9996C7419B89BD878E /* logo.png in Resources */,
				EC33BC23DABF4ED3A9522681 /* splash.png in Resources */,
				69F21F91BF03490B9F8ECECC /* flag-ng.png in Resources */,
				C31D16D525FA54CE001E92CD /* rewards.jpg in Resources */,
				C31D16D625FA54CE001E92CD /* insure.jpg in Resources */,
				AB17F3AB53254FB0A389808C /* upload.png in Resources */,
				C31D16D125FA54C6001E92CD /* wallet.jpg in Resources */,
				035A1AE7BA11404782DF4721 /* verified.png in Resources */,
				60AD1B55767B407584E01285 /* user1.png in Resources */,
				4085E9B77BF342CDA9DBA361 /* user2.png in Resources */,
				2A47A8D99A1F46398E561288 /* user3.png in Resources */,
				95BD105DCEE14689A3A94494 /* montserrat-light.ttf in Resources */,
				CDB6DD0085374FB6BB470C4B /* montserrat-medium.ttf in Resources */,
				7919EA0D80994024BF18975A /* montserrat-regular.ttf in Resources */,
				22AA69E259B2407FBC9883B5 /* montserrat-semibold.ttf in Resources */,
				A88C723CB9864DA28BB917FB /* flag-round-ng.png in Resources */,
				57318C16ECF4450CB1163EF4 /* onboarding-video-thumb.jpg in Resources */,
				4F1B3576F0B54B4AA97305C0 /* verified-1.png in Resources */,
				0E60E38EEEC84C8496791D9B /* verified-2.png in Resources */,
				9470697CB26240F3919FC178 /* placeholder-image.png in Resources */,
				C8C4B2D3C8394C42BC74EFFB /* clock-outline.png in Resources */,
				6F85F9107D334AC5BB47090B /* clock.png in Resources */,
				30D7999B47E044E2B48A9E9D /* home-outline.png in Resources */,
				6A36B84FF83A4DF09CD38294 /* home.png in Resources */,
				6E29EF7E3BF24B939FDA296E /* list-outline.png in Resources */,
				54A4DC78A0A54E55B9B88597 /* list.png in Resources */,
				7F9CD86581D5429DA567835A /* social-outline.png in Resources */,
				E4A9813D2DEF4F1688A885C6 /* social.png in Resources */,
				170EA6A5B5CA4E8F817FF2F9 /* supercup-outline.png in Resources */,
				BF1C6A420F4C4CD1824990E5 /* supercup.png in Resources */,
				9FD794FAC95A46D1A00E489E /* user-outline.png in Resources */,
				20F4A39EE4504AA98418EE08 /* user.png in Resources */,
				DD361A38189F4EFD84663578 /* wallet-outline.png in Resources */,
				C6D5CCCFA1E24381909994CE /* wallet.png in Resources */,
				94EEF546FEF14891AF602CD5 /* wooz-outline.png in Resources */,
				6C28E7FAF1674789B3A6408E /* wooz.png in Resources */,
				F0AFE7A72C1B44F99BC89847 /* fontello.ttf in Resources */,
				EB28D9E7F9654916A5E0A6EC /* mega-sale.jpg in Resources */,
				E1814A4AE4FF42F896FE43BA /* valentine.jpg in Resources */,
				A6ECC437EA2D461DB0F46716 /* woozeee-ad.jpg in Resources */,
				664703421C8345F8971291EF /* atm-filled.png in Resources */,
				C31D918B8B4D449092C59F1E /* bag-filled.png in Resources */,
				60BAC8776E36487C998C2665 /* balance-filled.png in Resources */,
				8B550257460446238CAAD3DB /* ball-filled.png in Resources */,
				3ACE943B7DEE40FCA5B1F25E /* bank-filled.png in Resources */,
				14325AC9E793483E97506A54 /* cart-outline.png in Resources */,
				453881273A344ED9A4107CB9 /* chat-outline.png in Resources */,
				B44F46DE75204C17B9746BD5 /* doctor-filled.png in Resources */,
				3123C43DE748491DB1D2DA1F /* eye-outline.png in Resources */,
				772C23440FC743B99FB19027 /* grid-outline.png in Resources */,
				0B8D5D1A0AC34C6498A816D2 /* heart-outline.png in Resources */,
				DD6320DA0B1345768B1D2869 /* heart.png in Resources */,
				151362EAD4B043B5A78E00EA /* map-filled.png in Resources */,
				41436113B0BC467885BB09E0 /* market-outline.png in Resources */,
				15AAD79ED67B41C8A59D1D84 /* movie-outline.png in Resources */,
				D66DFAC7015340EE8A8C8406 /* notification-new-outline.png in Resources */,
				8FBE71FBD37343D1ADA9376A /* reorder-left-outline.png in Resources */,
				9A08C8805D2E4983834B574F /* search-outline.png in Resources */,
				00F0A6C7039D45E49582E33D /* share-outline.png in Resources */,
				5EEDF25FD5C84BA3BFAF2476 /* tag-filled.png in Resources */,
				301A8FB7F0C942439FBBE8CE /* user-2-outline.png in Resources */,
				1763A7D2CF8A4BCFB00DD63D /* video-outline.png in Resources */,
				F5E224A040354AD1852650B7 /* heart-filled.png in Resources */,
			);
			runOnlyForDeploymentPostprocessing = 0;
		};
/* End PBXResourcesBuildPhase section */

/* Begin PBXShellScriptBuildPhase section */
		00DD1BFF1BD5951E006B06BC /* Bundle React Native code and images */ = {
			isa = PBXShellScriptBuildPhase;
			buildActionMask = 2147483647;
			files = (
			);
			inputPaths = (
			);
			name = "Bundle React Native code and images";
			outputPaths = (
			);
			runOnlyForDeploymentPostprocessing = 0;
			shellPath = /bin/sh;
			shellScript = "export NODE_BINARY=node\n../node_modules/react-native/scripts/react-native-xcode.sh\n../node_modules/expo-constants/scripts/get-app-config-ios.sh\n../node_modules/expo-updates/scripts/create-manifest-ios.sh\n";
		};
		08A4A3CD28434E44B6B9DE2E /* [CP] Check Pods Manifest.lock */ = {
			isa = PBXShellScriptBuildPhase;
			buildActionMask = 2147483647;
			files = (
			);
			inputFileListPaths = (
			);
			inputPaths = (
				"${PODS_PODFILE_DIR_PATH}/Podfile.lock",
				"${PODS_ROOT}/Manifest.lock",
			);
			name = "[CP] Check Pods Manifest.lock";
			outputFileListPaths = (
			);
			outputPaths = (
				"$(DERIVED_FILE_DIR)/Pods-woozeee-checkManifestLockResult.txt",
			);
			runOnlyForDeploymentPostprocessing = 0;
			shellPath = /bin/sh;
			shellScript = "diff \"${PODS_PODFILE_DIR_PATH}/Podfile.lock\" \"${PODS_ROOT}/Manifest.lock\" > /dev/null\nif [ $? != 0 ] ; then\n    # print error to STDERR\n    echo \"error: The sandbox is not in sync with the Podfile.lock. Run 'pod install' or update your CocoaPods installation.\" >&2\n    exit 1\nfi\n# This output is used by Xcode 'outputs' to avoid re-running this script phase.\necho \"SUCCESS\" > \"${SCRIPT_OUTPUT_FILE_0}\"\n";
			showEnvVarsInLog = 0;
		};
		247A348E5147AB6DB504147F /* [CP] Embed Pods Frameworks */ = {
			isa = PBXShellScriptBuildPhase;
			buildActionMask = 2147483647;
			files = (
			);
			inputPaths = (
				"${PODS_ROOT}/Target Support Files/Pods-woozeee/Pods-woozeee-frameworks.sh",
				"${PODS_ROOT}/VideoEditorSDK/VideoEditorSDK.framework",
				"${PODS_ROOT}/imglyKit/ImglyKit.framework",
			);
			name = "[CP] Embed Pods Frameworks";
			outputPaths = (
				"${TARGET_BUILD_DIR}/${FRAMEWORKS_FOLDER_PATH}/VideoEditorSDK.framework",
				"${TARGET_BUILD_DIR}/${FRAMEWORKS_FOLDER_PATH}/ImglyKit.framework",
			);
			runOnlyForDeploymentPostprocessing = 0;
			shellPath = /bin/sh;
			shellScript = "\"${PODS_ROOT}/Target Support Files/Pods-woozeee/Pods-woozeee-frameworks.sh\"\n";
			showEnvVarsInLog = 0;
		};
		800E24972A6A228C8D4807E9 /* [CP] Copy Pods Resources */ = {
			isa = PBXShellScriptBuildPhase;
			buildActionMask = 2147483647;
			files = (
			);
			inputPaths = (
				"${PODS_ROOT}/Target Support Files/Pods-woozeee/Pods-woozeee-resources.sh",
				"${PODS_ROOT}/../../node_modules/react-native-vector-icons/Fonts/AntDesign.ttf",
				"${PODS_ROOT}/../../node_modules/react-native-vector-icons/Fonts/Entypo.ttf",
				"${PODS_ROOT}/../../node_modules/react-native-vector-icons/Fonts/EvilIcons.ttf",
				"${PODS_ROOT}/../../node_modules/react-native-vector-icons/Fonts/Feather.ttf",
				"${PODS_ROOT}/../../node_modules/react-native-vector-icons/Fonts/FontAwesome.ttf",
				"${PODS_ROOT}/../../node_modules/react-native-vector-icons/Fonts/FontAwesome5_Brands.ttf",
				"${PODS_ROOT}/../../node_modules/react-native-vector-icons/Fonts/FontAwesome5_Regular.ttf",
				"${PODS_ROOT}/../../node_modules/react-native-vector-icons/Fonts/FontAwesome5_Solid.ttf",
				"${PODS_ROOT}/../../node_modules/react-native-vector-icons/Fonts/Fontisto.ttf",
				"${PODS_ROOT}/../../node_modules/react-native-vector-icons/Fonts/Foundation.ttf",
				"${PODS_ROOT}/../../node_modules/react-native-vector-icons/Fonts/Ionicons.ttf",
				"${PODS_ROOT}/../../node_modules/react-native-vector-icons/Fonts/MaterialCommunityIcons.ttf",
				"${PODS_ROOT}/../../node_modules/react-native-vector-icons/Fonts/MaterialIcons.ttf",
				"${PODS_ROOT}/../../node_modules/react-native-vector-icons/Fonts/Octicons.ttf",
				"${PODS_ROOT}/../../node_modules/react-native-vector-icons/Fonts/SimpleLineIcons.ttf",
				"${PODS_ROOT}/../../node_modules/react-native-vector-icons/Fonts/Zocial.ttf",
				"${PODS_CONFIGURATION_BUILD_DIR}/React-Core/AccessibilityResources.bundle",
			);
			name = "[CP] Copy Pods Resources";
			outputPaths = (
				"${TARGET_BUILD_DIR}/${UNLOCALIZED_RESOURCES_FOLDER_PATH}/AntDesign.ttf",
				"${TARGET_BUILD_DIR}/${UNLOCALIZED_RESOURCES_FOLDER_PATH}/Entypo.ttf",
				"${TARGET_BUILD_DIR}/${UNLOCALIZED_RESOURCES_FOLDER_PATH}/EvilIcons.ttf",
				"${TARGET_BUILD_DIR}/${UNLOCALIZED_RESOURCES_FOLDER_PATH}/Feather.ttf",
				"${TARGET_BUILD_DIR}/${UNLOCALIZED_RESOURCES_FOLDER_PATH}/FontAwesome.ttf",
				"${TARGET_BUILD_DIR}/${UNLOCALIZED_RESOURCES_FOLDER_PATH}/FontAwesome5_Brands.ttf",
				"${TARGET_BUILD_DIR}/${UNLOCALIZED_RESOURCES_FOLDER_PATH}/FontAwesome5_Regular.ttf",
				"${TARGET_BUILD_DIR}/${UNLOCALIZED_RESOURCES_FOLDER_PATH}/FontAwesome5_Solid.ttf",
				"${TARGET_BUILD_DIR}/${UNLOCALIZED_RESOURCES_FOLDER_PATH}/Fontisto.ttf",
				"${TARGET_BUILD_DIR}/${UNLOCALIZED_RESOURCES_FOLDER_PATH}/Foundation.ttf",
				"${TARGET_BUILD_DIR}/${UNLOCALIZED_RESOURCES_FOLDER_PATH}/Ionicons.ttf",
				"${TARGET_BUILD_DIR}/${UNLOCALIZED_RESOURCES_FOLDER_PATH}/MaterialCommunityIcons.ttf",
				"${TARGET_BUILD_DIR}/${UNLOCALIZED_RESOURCES_FOLDER_PATH}/MaterialIcons.ttf",
				"${TARGET_BUILD_DIR}/${UNLOCALIZED_RESOURCES_FOLDER_PATH}/Octicons.ttf",
				"${TARGET_BUILD_DIR}/${UNLOCALIZED_RESOURCES_FOLDER_PATH}/SimpleLineIcons.ttf",
				"${TARGET_BUILD_DIR}/${UNLOCALIZED_RESOURCES_FOLDER_PATH}/Zocial.ttf",
				"${TARGET_BUILD_DIR}/${UNLOCALIZED_RESOURCES_FOLDER_PATH}/AccessibilityResources.bundle",
			);
			runOnlyForDeploymentPostprocessing = 0;
			shellPath = /bin/sh;
			shellScript = "\"${PODS_ROOT}/Target Support Files/Pods-woozeee/Pods-woozeee-resources.sh\"\n";
			showEnvVarsInLog = 0;
		};
		FD10A7F022414F080027D42C /* Start Packager */ = {
			isa = PBXShellScriptBuildPhase;
			buildActionMask = 2147483647;
			files = (
			);
			inputFileListPaths = (
			);
			inputPaths = (
			);
			name = "Start Packager";
			outputFileListPaths = (
			);
			outputPaths = (
			);
			runOnlyForDeploymentPostprocessing = 0;
			shellPath = /bin/sh;
			shellScript = "export RCT_METRO_PORT=\"${RCT_METRO_PORT:=8081}\"\necho \"export RCT_METRO_PORT=${RCT_METRO_PORT}\" > \"${SRCROOT}/../node_modules/react-native/scripts/.packager.env\"\nif [ -z \"${RCT_NO_LAUNCH_PACKAGER+xxx}\" ] ; then\n  if nc -w 5 -z localhost ${RCT_METRO_PORT} ; then\n    if ! curl -s \"http://localhost:${RCT_METRO_PORT}/status\" | grep -q \"packager-status:running\" ; then\n      echo \"Port ${RCT_METRO_PORT} already in use, packager is either not running or not running correctly\"\n      exit 2\n    fi\n  else\n    open \"$SRCROOT/../node_modules/react-native/scripts/launchPackager.command\" || echo \"Can't start packager automatically\"\n  fi\nfi\n";
			showEnvVarsInLog = 0;
		};
/* End PBXShellScriptBuildPhase section */

/* Begin PBXSourcesBuildPhase section */
		13B07F871A680F5B00A75B9A /* Sources */ = {
			isa = PBXSourcesBuildPhase;
			buildActionMask = 2147483647;
			files = (
				13B07FBC1A68108700A75B9A /* AppDelegate.m in Sources */,
				13B07FC11A68108700A75B9A /* main.m in Sources */,
			);
			runOnlyForDeploymentPostprocessing = 0;
		};
/* End PBXSourcesBuildPhase section */

/* Begin PBXVariantGroup section */
		13B07FB11A68108700A75B9A /* LaunchScreen.xib */ = {
			isa = PBXVariantGroup;
			children = (
				13B07FB21A68108700A75B9A /* Base */,
			);
			name = LaunchScreen.xib;
			path = woozeee;
			sourceTree = "<group>";
		};
/* End PBXVariantGroup section */

/* Begin XCBuildConfiguration section */
		13B07F941A680F5B00A75B9A /* Debug */ = {
			isa = XCBuildConfiguration;
			baseConfigurationReference = 6C2E3173556A471DD304B334 /* Pods-woozeee.debug.xcconfig */;
			buildSettings = {
				ASSETCATALOG_COMPILER_APPICON_NAME = AppIcon;
				CLANG_ENABLE_MODULES = YES;
				CURRENT_PROJECT_VERSION = 1;
				ENABLE_BITCODE = NO;
				"EXCLUDED_ARCHS[sdk=iphonesimulator*]" = arm64;
				GCC_PREPROCESSOR_DEFINITIONS = (
					"$(inherited)",
					"FB_SONARKIT_ENABLED=1",
				);
				INFOPLIST_FILE = woozeee/Info.plist;
				IPHONEOS_DEPLOYMENT_TARGET = 12.1;
				LD_RUNPATH_SEARCH_PATHS = "$(inherited) @executable_path/Frameworks";
				OTHER_LDFLAGS = (
					"$(inherited)",
					"-ObjC",
					"-lc++",
				);
				PRODUCT_BUNDLE_IDENTIFIER = com.econnectnp.woozeee;
				PRODUCT_NAME = woozeee;
				SWIFT_OPTIMIZATION_LEVEL = "-Onone";
				SWIFT_VERSION = 5.0;
				TARGETED_DEVICE_FAMILY = "1,2";
				VERSIONING_SYSTEM = "apple-generic";
			};
			name = Debug;
		};
		13B07F951A680F5B00A75B9A /* Release */ = {
			isa = XCBuildConfiguration;
			baseConfigurationReference = 7A4D352CD337FB3A3BF06240 /* Pods-woozeee.release.xcconfig */;
			buildSettings = {
				ASSETCATALOG_COMPILER_APPICON_NAME = AppIcon;
				CLANG_ENABLE_MODULES = YES;
				CURRENT_PROJECT_VERSION = 1;
				"EXCLUDED_ARCHS[sdk=iphonesimulator*]" = arm64;
				INFOPLIST_FILE = woozeee/Info.plist;
				IPHONEOS_DEPLOYMENT_TARGET = 12.1;
				LD_RUNPATH_SEARCH_PATHS = "$(inherited) @executable_path/Frameworks";
				OTHER_LDFLAGS = (
					"$(inherited)",
					"-ObjC",
					"-lc++",
				);
				PRODUCT_BUNDLE_IDENTIFIER = com.econnectnp.woozeee;
				PRODUCT_NAME = woozeee;
				SWIFT_VERSION = 5.0;
				TARGETED_DEVICE_FAMILY = "1,2";
				VERSIONING_SYSTEM = "apple-generic";
			};
			name = Release;
		};
		83CBBA201A601CBA00E9B192 /* Debug */ = {
			isa = XCBuildConfiguration;
			buildSettings = {
				ALWAYS_SEARCH_USER_PATHS = NO;
				CLANG_ANALYZER_LOCALIZABILITY_NONLOCALIZED = YES;
				CLANG_CXX_LANGUAGE_STANDARD = "gnu++0x";
				CLANG_CXX_LIBRARY = "libc++";
				CLANG_ENABLE_MODULES = YES;
				CLANG_ENABLE_OBJC_ARC = YES;
				CLANG_WARN_BLOCK_CAPTURE_AUTORELEASING = YES;
				CLANG_WARN_BOOL_CONVERSION = YES;
				CLANG_WARN_COMMA = YES;
				CLANG_WARN_CONSTANT_CONVERSION = YES;
				CLANG_WARN_DEPRECATED_OBJC_IMPLEMENTATIONS = YES;
				CLANG_WARN_DIRECT_OBJC_ISA_USAGE = YES_ERROR;
				CLANG_WARN_EMPTY_BODY = YES;
				CLANG_WARN_ENUM_CONVERSION = YES;
				CLANG_WARN_INFINITE_RECURSION = YES;
				CLANG_WARN_INT_CONVERSION = YES;
				CLANG_WARN_NON_LITERAL_NULL_CONVERSION = YES;
				CLANG_WARN_OBJC_IMPLICIT_RETAIN_SELF = YES;
				CLANG_WARN_OBJC_LITERAL_CONVERSION = YES;
				CLANG_WARN_OBJC_ROOT_CLASS = YES_ERROR;
				CLANG_WARN_QUOTED_INCLUDE_IN_FRAMEWORK_HEADER = YES;
				CLANG_WARN_RANGE_LOOP_ANALYSIS = YES;
				CLANG_WARN_STRICT_PROTOTYPES = YES;
				CLANG_WARN_SUSPICIOUS_MOVE = YES;
				CLANG_WARN_UNREACHABLE_CODE = YES;
				CLANG_WARN__DUPLICATE_METHOD_MATCH = YES;
				"CODE_SIGN_IDENTITY[sdk=iphoneos*]" = "iPhone Developer";
				COPY_PHASE_STRIP = NO;
				ENABLE_STRICT_OBJC_MSGSEND = YES;
				ENABLE_TESTABILITY = YES;
				GCC_C_LANGUAGE_STANDARD = gnu99;
				GCC_DYNAMIC_NO_PIC = NO;
				GCC_NO_COMMON_BLOCKS = YES;
				GCC_OPTIMIZATION_LEVEL = 0;
				GCC_PREPROCESSOR_DEFINITIONS = (
					"DEBUG=1",
					"$(inherited)",
				);
				GCC_SYMBOLS_PRIVATE_EXTERN = NO;
				GCC_WARN_64_TO_32_BIT_CONVERSION = YES;
				GCC_WARN_ABOUT_RETURN_TYPE = YES_ERROR;
				GCC_WARN_UNDECLARED_SELECTOR = YES;
				GCC_WARN_UNINITIALIZED_AUTOS = YES_AGGRESSIVE;
				GCC_WARN_UNUSED_FUNCTION = YES;
				GCC_WARN_UNUSED_VARIABLE = YES;
				IPHONEOS_DEPLOYMENT_TARGET = 12.1;
				LD_RUNPATH_SEARCH_PATHS = "/usr/lib/swift $(inherited)";
				LIBRARY_SEARCH_PATHS = (
					"\"$(TOOLCHAIN_DIR)/usr/lib/swift/$(PLATFORM_NAME)\"",
					"\"$(TOOLCHAIN_DIR)/usr/lib/swift-5.0/$(PLATFORM_NAME)\"",
					"\"$(inherited)\"",
				);
				MTL_ENABLE_DEBUG_INFO = YES;
				ONLY_ACTIVE_ARCH = YES;
				PRODUCT_BUNDLE_IDENTIFIER = org.econnectnp.woozeee;
				PRODUCT_NAME = woozeee;
				SDKROOT = iphoneos;
				VERSIONING_SYSTEM = "apple-generic";
			};
			name = Debug;
		};
		83CBBA211A601CBA00E9B192 /* Release */ = {
			isa = XCBuildConfiguration;
			buildSettings = {
				ALWAYS_SEARCH_USER_PATHS = NO;
				CLANG_ANALYZER_LOCALIZABILITY_NONLOCALIZED = YES;
				CLANG_CXX_LANGUAGE_STANDARD = "gnu++0x";
				CLANG_CXX_LIBRARY = "libc++";
				CLANG_ENABLE_MODULES = YES;
				CLANG_ENABLE_OBJC_ARC = YES;
				CLANG_WARN_BLOCK_CAPTURE_AUTORELEASING = YES;
				CLANG_WARN_BOOL_CONVERSION = YES;
				CLANG_WARN_COMMA = YES;
				CLANG_WARN_CONSTANT_CONVERSION = YES;
				CLANG_WARN_DEPRECATED_OBJC_IMPLEMENTATIONS = YES;
				CLANG_WARN_DIRECT_OBJC_ISA_USAGE = YES_ERROR;
				CLANG_WARN_EMPTY_BODY = YES;
				CLANG_WARN_ENUM_CONVERSION = YES;
				CLANG_WARN_INFINITE_RECURSION = YES;
				CLANG_WARN_INT_CONVERSION = YES;
				CLANG_WARN_NON_LITERAL_NULL_CONVERSION = YES;
				CLANG_WARN_OBJC_IMPLICIT_RETAIN_SELF = YES;
				CLANG_WARN_OBJC_LITERAL_CONVERSION = YES;
				CLANG_WARN_OBJC_ROOT_CLASS = YES_ERROR;
				CLANG_WARN_QUOTED_INCLUDE_IN_FRAMEWORK_HEADER = YES;
				CLANG_WARN_RANGE_LOOP_ANALYSIS = YES;
				CLANG_WARN_STRICT_PROTOTYPES = YES;
				CLANG_WARN_SUSPICIOUS_MOVE = YES;
				CLANG_WARN_UNREACHABLE_CODE = YES;
				CLANG_WARN__DUPLICATE_METHOD_MATCH = YES;
				"CODE_SIGN_IDENTITY[sdk=iphoneos*]" = "iPhone Developer";
				COPY_PHASE_STRIP = YES;
				ENABLE_NS_ASSERTIONS = NO;
				ENABLE_STRICT_OBJC_MSGSEND = YES;
				GCC_C_LANGUAGE_STANDARD = gnu99;
				GCC_NO_COMMON_BLOCKS = YES;
				GCC_WARN_64_TO_32_BIT_CONVERSION = YES;
				GCC_WARN_ABOUT_RETURN_TYPE = YES_ERROR;
				GCC_WARN_UNDECLARED_SELECTOR = YES;
				GCC_WARN_UNINITIALIZED_AUTOS = YES_AGGRESSIVE;
				GCC_WARN_UNUSED_FUNCTION = YES;
				GCC_WARN_UNUSED_VARIABLE = YES;
				IPHONEOS_DEPLOYMENT_TARGET = 12.1;
				LD_RUNPATH_SEARCH_PATHS = "/usr/lib/swift $(inherited)";
				LIBRARY_SEARCH_PATHS = (
					"\"$(TOOLCHAIN_DIR)/usr/lib/swift/$(PLATFORM_NAME)\"",
					"\"$(TOOLCHAIN_DIR)/usr/lib/swift-5.0/$(PLATFORM_NAME)\"",
					"\"$(inherited)\"",
				);
				MTL_ENABLE_DEBUG_INFO = NO;
				PRODUCT_BUNDLE_IDENTIFIER = org.econnectnp.woozeee;
				PRODUCT_NAME = woozeee;
				SDKROOT = iphoneos;
				VALIDATE_PRODUCT = YES;
				VERSIONING_SYSTEM = "apple-generic";
			};
			name = Release;
		};
/* End XCBuildConfiguration section */

/* Begin XCConfigurationList section */
		13B07F931A680F5B00A75B9A /* Build configuration list for PBXNativeTarget "woozeee" */ = {
			isa = XCConfigurationList;
			buildConfigurations = (
				13B07F941A680F5B00A75B9A /* Debug */,
				13B07F951A680F5B00A75B9A /* Release */,
			);
			defaultConfigurationIsVisible = 0;
			defaultConfigurationName = Release;
		};
		83CBB9FA1A601CBA00E9B192 /* Build configuration list for PBXProject "woozeee" */ = {
			isa = XCConfigurationList;
			buildConfigurations = (
				83CBBA201A601CBA00E9B192 /* Debug */,
				83CBBA211A601CBA00E9B192 /* Release */,
			);
			defaultConfigurationIsVisible = 0;
			defaultConfigurationName = Release;
		};
/* End XCConfigurationList section */
	};
	rootObject = 83CBB9F71A601CBA00E9B192 /* Project object */;
}
